
Microsoft Visual Studio Solution File, Format Version 12.00
# Visual Studio Version 16
VisualStudioVersion = 16.0.31729.503
MinimumVisualStudioVersion = 10.0.40219.1
Project("{FAE04EC0-301F-11D3-BF4B-00C04F79EFBC}") = "AporteBuilder", "AporteBuilder\AporteBuilder.csproj", "{AAAE5CE4-3216-40F0-A5B7-EC2CAA510369}"
EndProject
Global
	GlobalSection(SolutionConfigurationPlatforms) = preSolution
		Debug|Any CPU = Debug|Any CPU
		Release|Any CPU = Release|Any CPU
	EndGlobalSection
	GlobalSection(ProjectConfigurationPlatforms) = postSolution
		{AAAE5CE4-3216-40F0-A5B7-EC2CAA510369}.Debug|Any CPU.ActiveCfg = Debug|Any CPU
		{AAAE5CE4-3216-40F0-A5B7-EC2CAA510369}.Debug|Any CPU.Build.0 = Debug|Any CPU
		{AAAE5CE4-3216-40F0-A5B7-EC2CAA510369}.Release|Any CPU.ActiveCfg = Release|Any CPU
		{AAAE5CE4-3216-40F0-A5B7-EC2CAA510369}.Release|Any CPU.Build.0 = Release|Any CPU
	EndGlobalSection
	GlobalSection(SolutionProperties) = preSolution
		HideSolutionNode = FALSE
	EndGlobalSection
	GlobalSection(ExtensibilityGlobals) = postSolution
		SolutionGuid = {308743DB-5C76-464B-B6B5-FBF65A2CFE34}
	EndGlobalSection
EndGlobal
